{
  "version": 4,
  "terraform_version": "1.14.5",
  "serial": 14,
  "lineage": "d89e8080-fab9-e635-6e41-028c5aa469d4",
  "outputs": {},
  "resources": [
    {
      "mode": "managed",
      "type": "local_file",
      "name": "app_info",
      "provider": "provider[\"registry.terraform.io/hashicorp/local\"]",
      "instances": [
        {
          "schema_version": 0,
          "attributes": {
            "content": "App ID:   9e9p72yy\nCreated:  managed by Terraform\nVersion:  1.0\n",
            "content_base64": null,
            "content_base64sha256": "ZhcvbFQz/HJ2glgo75zO68geQ0WqFyzenIF6iRnmt+Y=",
            "content_base64sha512": "KzmWsTmd27hpQ5Uv21lGZsV9oWPWELEcKzTZ7GUrKg34/w4FZbFAExOW2jUBHPJ+ngZmIfg5adukCZAYWl0ztQ==",
            "content_md5": "5f20af3b6b00616934d19acbfda5e7ea",
            "content_sha1": "f4cd69e61f4316133a439245e3382ab934aa916a",
            "content_sha256": "66172f6c5433fc7276825828ef9cceebc81e4345aa172cde9c817a8919e6b7e6",
            "content_sha512": "2b3996b1399ddbb86943952fdb594666c57da163d610b11c2b34d9ec652b2a0df8ff0e0565b140131396da35011cf27e9e066621f83969dba40990185a5d33b5",
            "directory_permission": "0777",
            "file_permission": "0777",
            "filename": "./output/app_info.txt",
            "id": "f4cd69e61f4316133a439245e3382ab934aa916a",
            "sensitive_content": null,
            "source": null
          },
          "sensitive_attributes": [
            [
              {
                "type": "get_attr",
                "value": "sensitive_content"
              }
            ]
          ],
          "identity_schema_version": 0,
          "dependencies": [
            "random_string.app_id"
          ]
        }
      ]
    },
    {
      "mode": "managed",
      "type": "local_file",
      "name": "inventory",
      "provider": "provider[\"registry.terraform.io/hashicorp/local\"]",
      "instances": [
        {
          "schema_version": 0,
          "attributes": {
            "content": "[app_servers]\napp-9e9p72yy ansible_host=192.168.1.10\n\n[all:vars]\napp_version=1.0\n",
            "content_base64": null,
            "content_base64sha256": "0tyGZcxhNJj7AoVMBx90szPHAPB/rH6/R3+N5j+8Vus=",
            "content_base64sha512": "eZqaADihFQVc1wGNJLbc4+36WFLO9B68Vn3DbNA0STmN/gKtS1F2VsLiA3eb6WzP/jTmPh5v3/qN5/fd65GyVA==",
            "content_md5": "57ca5d0cf9e41b36b8c967aea865939a",
            "content_sha1": "04c424fad3b69961e5af1fb3df193e7eaeb6ab8a",
            "content_sha256": "d2dc8665cc613498fb02854c071f74b333c700f07fac7ebf477f8de63fbc56eb",
            "content_sha512": "799a9a0038a115055cd7018d24b6dce3edfa5852cef41ebc567dc36cd03449398dfe02ad4b517656c2e203779be96ccffe34e63e1e6fdffa8de7f7ddeb91b254",
            "directory_permission": "0777",
            "file_permission": "0777",
            "filename": "./output/inventory.ini",
            "id": "04c424fad3b69961e5af1fb3df193e7eaeb6ab8a",
            "sensitive_content": null,
            "source": null
          },
          "sensitive_attributes": [
            [
              {
                "type": "get_attr",
                "value": "sensitive_content"
              }
            ]
          ],
          "identity_schema_version": 0,
          "dependencies": [
            "random_string.app_id"
          ]
        }
      ]
    },
    {
      "mode": "managed",
      "type": "random_string",
      "name": "app_id",
      "provider": "provider[\"registry.terraform.io/hashicorp/random\"]",
      "instances": [
        {
          "schema_version": 2,
          "attributes": {
            "id": "9e9p72yy",
            "keepers": null,
            "length": 8,
            "lower": true,
            "min_lower": 0,
            "min_numeric": 0,
            "min_special": 0,
            "min_upper": 0,
            "number": true,
            "numeric": true,
            "override_special": null,
            "result": "9e9p72yy",
            "special": false,
            "upper": false
          },
          "sensitive_attributes": [],
          "identity_schema_version": 0
        }
      ]
    }
  ],
  "check_results": null
}
